
Microsoft Visual Studio Solution File, Format Version 12.00
# Visual Studio 15
VisualStudioVersion = 15.0.28307.489
MinimumVisualStudioVersion = 10.0.40219.1
Project("{9A19103F-16F7-4668-BE54-9A1E7A4F7556}") = "ScrummaService", "ScrummaService.csproj", "{FAA77D43-8C03-47F1-B03A-AE4DF92CBE76}"
EndProject
Global
	GlobalSection(SolutionConfigurationPlatforms) = preSolution
		Debug|Any CPU = Debug|Any CPU
		Release|Any CPU = Release|Any CPU
	EndGlobalSection
	GlobalSection(ProjectConfigurationPlatforms) = postSolution
		{FAA77D43-8C03-47F1-B03A-AE4DF92CBE76}.Debug|Any CPU.ActiveCfg = Debug|Any CPU
		{FAA77D43-8C03-47F1-B03A-AE4DF92CBE76}.Debug|Any CPU.Build.0 = Debug|Any CPU
		{FAA77D43-8C03-47F1-B03A-AE4DF92CBE76}.Release|Any CPU.ActiveCfg = Release|Any CPU
		{FAA77D43-8C03-47F1-B03A-AE4DF92CBE76}.Release|Any CPU.Build.0 = Release|Any CPU
	EndGlobalSection
	GlobalSection(SolutionProperties) = preSolution
		HideSolutionNode = FALSE
	EndGlobalSection
	GlobalSection(ExtensibilityGlobals) = postSolution
		SolutionGuid = {29AF8C74-D4F1-4402-B8B8-5DB43EF82B9B}
	EndGlobalSection
EndGlobal
